PODS:
  - Alamofire (4.7.2)
  - GoogleMaps (2.7.0):
    - GoogleMaps/Maps (= 2.7.0)
  - GoogleMaps/Base (2.7.0)
  - GoogleMaps/Maps (2.7.0):
    - GoogleMaps/Base
  - GooglePlacePicker (2.7.0):
    - GoogleMaps (= 2.7.0)
    - GooglePlaces (= 2.7.0)
  - GooglePlaces (2.7.0):
    - GoogleMaps/Base (= 2.7.0)
  - libwebp (0.6.1):
    - libwebp/core (= 0.6.1)
    - libwebp/dec (= 0.6.1)
    - libwebp/demux (= 0.6.1)
    - libwebp/dsp (= 0.6.1)
    - libwebp/enc (= 0.6.1)
    - libwebp/mux (= 0.6.1)
    - libwebp/utils (= 0.6.1)
    - libwebp/webp (= 0.6.1)
  - libwebp/core (0.6.1):
    - libwebp/webp
  - libwebp/dec (0.6.1):
    - libwebp/core
  - libwebp/demux (0.6.1):
    - libwebp/core
  - libwebp/dsp (0.6.1):
    - libwebp/core
  - libwebp/enc (0.6.1):
    - libwebp/core
  - libwebp/mux (0.6.1):
    - libwebp/core
  - libwebp/utils (0.6.1):
    - libwebp/core
  - libwebp/webp (0.6.1)
  - SDWebImage/Core (4.3.3)
  - SDWebImage/WebP (4.3.3):
    - libwebp (~> 0.5)
    - SDWebImage/Core
  - TextFieldEffects (1.4.0)

DEPENDENCIES:
  - Alamofire (~> 4.7)
  - GoogleMaps
  - GooglePlacePicker
  - GooglePlaces
  - SDWebImage/WebP
  - TextFieldEffects

SPEC REPOS:
  https://github.com/CocoaPods/Specs.git:
    - Alamofire
    - GoogleMaps
    - GooglePlacePicker
    - GooglePlaces
    - libwebp
    - SDWebImage
    - TextFieldEffects

SPEC CHECKSUMS:
  Alamofire: e4fa87002c137ba2d8d634d2c51fabcda0d5c223
  GoogleMaps: f79af95cb24d869457b1f961c93d3ce8b2f3b848
  GooglePlacePicker: 59ea44db173c58486ad6123993e81feefcbce9c3
  GooglePlaces: 3d06e6c99654545b4738ce49648745779c25f2ef
  libwebp: 0f01098c6c17175391af621b2f14150f3ca16e16
  SDWebImage: de4d90b5bff3571eae7bd16202b1f43135409fa5
  TextFieldEffects: 4ee41b5216e674d55fb6ac25107bf1af7629176f

PODFILE CHECKSUM: 0bab7fdf5447e0b60a5a5bdb76454d808487f652

COCOAPODS: 1.5.0
