// !$*UTF8*$!
{
	archiveVersion = 1;
	classes = {
	};
	objectVersion = 48;
	objects = {

/* Begin PBXBuildFile section */
		841E933B20BAC4AA0043C9DA /* Elshiekh.storyboard in Resources */ = {isa = PBXBuildFile; fileRef = 841E933A20BAC4AA0043C9DA /* Elshiekh.storyboard */; };
		8440F9BD20BC6A5400040124 /* Usama.storyboard in Resources */ = {isa = PBXBuildFile; fileRef = 8440F9BC20BC6A5400040124 /* Usama.storyboard */; };
		8440F9C720BC6A5400040124 /* LoginViewController.swift in Sources */ = {isa = PBXBuildFile; fileRef = 8440F9C620BC6A5400040124 /* LoginViewController.swift */; };
		8458FA4E20BDBC0300E791C4 /* NetworkDAL.swift in Sources */ = {isa = PBXBuildFile; fileRef = 8458FA4D20BDBC0300E791C4 /* NetworkDAL.swift */; };
		8458FA5020BDED0300E791C4 /* ErrorType.swift in Sources */ = {isa = PBXBuildFile; fileRef = 8458FA4F20BDED0300E791C4 /* ErrorType.swift */; };
		846C5B5820C019B200571932 /* LoginPresenter.swift in Sources */ = {isa = PBXBuildFile; fileRef = 846C5B5720C019B200571932 /* LoginPresenter.swift */; };
		846C5B5A20C01BBA00571932 /* LoginModel.swift in Sources */ = {isa = PBXBuildFile; fileRef = 846C5B5920C01BBA00571932 /* LoginModel.swift */; };
		849CA24D20BD7BA40047E6CF /* Protocols in Resources */ = {isa = PBXBuildFile; fileRef = 849CA24C20BD7BA40047E6CF /* Protocols */; };
		849CA25120BD7BC90047E6CF /* UIViewControllerExtention in Resources */ = {isa = PBXBuildFile; fileRef = 849CA24E20BD7BC90047E6CF /* UIViewControllerExtention */; };
		849CA25220BD7BC90047E6CF /* Errors in Resources */ = {isa = PBXBuildFile; fileRef = 849CA24F20BD7BC90047E6CF /* Errors */; };
		849CA25320BD7BC90047E6CF /* Utilities in Resources */ = {isa = PBXBuildFile; fileRef = 849CA25020BD7BC90047E6CF /* Utilities */; };
		849CA25520BD82CE0047E6CF /* SignupView.swift in Sources */ = {isa = PBXBuildFile; fileRef = 849CA25420BD82CE0047E6CF /* SignupView.swift */; };
		849CA25720BDA67F0047E6CF /* StringExtension.swift in Sources */ = {isa = PBXBuildFile; fileRef = 849CA25620BDA67F0047E6CF /* StringExtension.swift */; };
		84C48FB420B89EC600488744 /* AppDelegate.swift in Sources */ = {isa = PBXBuildFile; fileRef = 84C48FB320B89EC600488744 /* AppDelegate.swift */; };
		84C48FB620B89EC600488744 /* ViewController.swift in Sources */ = {isa = PBXBuildFile; fileRef = 84C48FB520B89EC600488744 /* ViewController.swift */; };
		84C48FB920B89EC600488744 /* Main.storyboard in Resources */ = {isa = PBXBuildFile; fileRef = 84C48FB720B89EC600488744 /* Main.storyboard */; };
		84C48FBB20B89EC700488744 /* Assets.xcassets in Resources */ = {isa = PBXBuildFile; fileRef = 84C48FBA20B89EC700488744 /* Assets.xcassets */; };
		84C48FBE20B89EC700488744 /* LaunchScreen.storyboard in Resources */ = {isa = PBXBuildFile; fileRef = 84C48FBC20B89EC700488744 /* LaunchScreen.storyboard */; };
		84C48FC920B89EC700488744 /* FinalProjectTests.swift in Sources */ = {isa = PBXBuildFile; fileRef = 84C48FC820B89EC700488744 /* FinalProjectTests.swift */; };
		84C48FD420B89EC700488744 /* FinalProjectUITests.swift in Sources */ = {isa = PBXBuildFile; fileRef = 84C48FD320B89EC700488744 /* FinalProjectUITests.swift */; };
		8A45A2DC3064E6BBB8A55DB0 /* Pods_FinalProject.framework in Frameworks */ = {isa = PBXBuildFile; fileRef = D0DF3FD8671460EE8E23F64B /* Pods_FinalProject.framework */; };
/* End PBXBuildFile section */

/* Begin PBXContainerItemProxy section */
		84C48FC520B89EC700488744 /* PBXContainerItemProxy */ = {
			isa = PBXContainerItemProxy;
			containerPortal = 84C48FA820B89EC500488744 /* Project object */;
			proxyType = 1;
			remoteGlobalIDString = 84C48FAF20B89EC600488744;
			remoteInfo = FinalProject;
		};
		84C48FD020B89EC700488744 /* PBXContainerItemProxy */ = {
			isa = PBXContainerItemProxy;
			containerPortal = 84C48FA820B89EC500488744 /* Project object */;
			proxyType = 1;
			remoteGlobalIDString = 84C48FAF20B89EC600488744;
			remoteInfo = FinalProject;
		};
/* End PBXContainerItemProxy section */

/* Begin PBXFileReference section */
		841E933A20BAC4AA0043C9DA /* Elshiekh.storyboard */ = {isa = PBXFileReference; lastKnownFileType = file.storyboard; path = Elshiekh.storyboard; sourceTree = "<group>"; };
		8440F9BC20BC6A5400040124 /* Usama.storyboard */ = {isa = PBXFileReference; lastKnownFileType = file.storyboard; path = Usama.storyboard; sourceTree = "<group>"; };
		8440F9C620BC6A5400040124 /* LoginViewController.swift */ = {isa = PBXFileReference; lastKnownFileType = sourcecode.swift; path = LoginViewController.swift; sourceTree = "<group>"; };
		8458FA4D20BDBC0300E791C4 /* NetworkDAL.swift */ = {isa = PBXFileReference; fileEncoding = 4; lastKnownFileType = sourcecode.swift; path = NetworkDAL.swift; sourceTree = "<group>"; };
		8458FA4F20BDED0300E791C4 /* ErrorType.swift */ = {isa = PBXFileReference; fileEncoding = 4; lastKnownFileType = sourcecode.swift; path = ErrorType.swift; sourceTree = "<group>"; };
		846C5B5720C019B200571932 /* LoginPresenter.swift */ = {isa = PBXFileReference; lastKnownFileType = sourcecode.swift; path = LoginPresenter.swift; sourceTree = "<group>"; };
		846C5B5920C01BBA00571932 /* LoginModel.swift */ = {isa = PBXFileReference; lastKnownFileType = sourcecode.swift; path = LoginModel.swift; sourceTree = "<group>"; };
		849CA24C20BD7BA40047E6CF /* Protocols */ = {isa = PBXFileReference; lastKnownFileType = folder; path = Protocols; sourceTree = "<group>"; };
		849CA24E20BD7BC90047E6CF /* UIViewControllerExtention */ = {isa = PBXFileReference; lastKnownFileType = folder; path = UIViewControllerExtention; sourceTree = "<group>"; };
		849CA24F20BD7BC90047E6CF /* Errors */ = {isa = PBXFileReference; lastKnownFileType = folder; path = Errors; sourceTree = "<group>"; };
		849CA25020BD7BC90047E6CF /* Utilities */ = {isa = PBXFileReference; lastKnownFileType = folder; path = Utilities; sourceTree = "<group>"; };
		849CA25420BD82CE0047E6CF /* SignupView.swift */ = {isa = PBXFileReference; lastKnownFileType = sourcecode.swift; path = SignupView.swift; sourceTree = "<group>"; };
		849CA25620BDA67F0047E6CF /* StringExtension.swift */ = {isa = PBXFileReference; fileEncoding = 4; lastKnownFileType = sourcecode.swift; path = StringExtension.swift; sourceTree = "<group>"; };
		84C48FB020B89EC600488744 /* FinalProject.app */ = {isa = PBXFileReference; explicitFileType = wrapper.application; includeInIndex = 0; path = FinalProject.app; sourceTree = BUILT_PRODUCTS_DIR; };
		84C48FB320B89EC600488744 /* AppDelegate.swift */ = {isa = PBXFileReference; lastKnownFileType = sourcecode.swift; path = AppDelegate.swift; sourceTree = "<group>"; };
		84C48FB520B89EC600488744 /* ViewController.swift */ = {isa = PBXFileReference; lastKnownFileType = sourcecode.swift; path = ViewController.swift; sourceTree = "<group>"; };
		84C48FB820B89EC600488744 /* Base */ = {isa = PBXFileReference; lastKnownFileType = file.storyboard; name = Base; path = Base.lproj/Main.storyboard; sourceTree = "<group>"; };
		84C48FBA20B89EC700488744 /* Assets.xcassets */ = {isa = PBXFileReference; lastKnownFileType = folder.assetcatalog; path = Assets.xcassets; sourceTree = "<group>"; };
		84C48FBD20B89EC700488744 /* Base */ = {isa = PBXFileReference; lastKnownFileType = file.storyboard; name = Base; path = Base.lproj/LaunchScreen.storyboard; sourceTree = "<group>"; };
		84C48FBF20B89EC700488744 /* Info.plist */ = {isa = PBXFileReference; lastKnownFileType = text.plist.xml; path = Info.plist; sourceTree = "<group>"; };
		84C48FC420B89EC700488744 /* FinalProjectTests.xctest */ = {isa = PBXFileReference; explicitFileType = wrapper.cfbundle; includeInIndex = 0; path = FinalProjectTests.xctest; sourceTree = BUILT_PRODUCTS_DIR; };
		84C48FC820B89EC700488744 /* FinalProjectTests.swift */ = {isa = PBXFileReference; lastKnownFileType = sourcecode.swift; path = FinalProjectTests.swift; sourceTree = "<group>"; };
		84C48FCA20B89EC700488744 /* Info.plist */ = {isa = PBXFileReference; lastKnownFileType = text.plist.xml; path = Info.plist; sourceTree = "<group>"; };
		84C48FCF20B89EC700488744 /* FinalProjectUITests.xctest */ = {isa = PBXFileReference; explicitFileType = wrapper.cfbundle; includeInIndex = 0; path = FinalProjectUITests.xctest; sourceTree = BUILT_PRODUCTS_DIR; };
		84C48FD320B89EC700488744 /* FinalProjectUITests.swift */ = {isa = PBXFileReference; lastKnownFileType = sourcecode.swift; path = FinalProjectUITests.swift; sourceTree = "<group>"; };
		84C48FD520B89EC700488744 /* Info.plist */ = {isa = PBXFileReference; lastKnownFileType = text.plist.xml; path = Info.plist; sourceTree = "<group>"; };
		8D8C6F8FF88EF137C3AF9FFE /* Pods-FinalProject.debug.xcconfig */ = {isa = PBXFileReference; includeInIndex = 1; lastKnownFileType = text.xcconfig; name = "Pods-FinalProject.debug.xcconfig"; path = "Pods/Target Support Files/Pods-FinalProject/Pods-FinalProject.debug.xcconfig"; sourceTree = "<group>"; };
		D0DF3FD8671460EE8E23F64B /* Pods_FinalProject.framework */ = {isa = PBXFileReference; explicitFileType = wrapper.framework; includeInIndex = 0; path = Pods_FinalProject.framework; sourceTree = BUILT_PRODUCTS_DIR; };
		E98FA1A5ED558B161480A8E2 /* Pods-FinalProject.release.xcconfig */ = {isa = PBXFileReference; includeInIndex = 1; lastKnownFileType = text.xcconfig; name = "Pods-FinalProject.release.xcconfig"; path = "Pods/Target Support Files/Pods-FinalProject/Pods-FinalProject.release.xcconfig"; sourceTree = "<group>"; };
/* End PBXFileReference section */

/* Begin PBXFrameworksBuildPhase section */
		84C48FAD20B89EC600488744 /* Frameworks */ = {
			isa = PBXFrameworksBuildPhase;
			buildActionMask = 2147483647;
			files = (
				8A45A2DC3064E6BBB8A55DB0 /* Pods_FinalProject.framework in Frameworks */,
			);
			runOnlyForDeploymentPostprocessing = 0;
		};
		84C48FC120B89EC700488744 /* Frameworks */ = {
			isa = PBXFrameworksBuildPhase;
			buildActionMask = 2147483647;
			files = (
			);
			runOnlyForDeploymentPostprocessing = 0;
		};
		84C48FCC20B89EC700488744 /* Frameworks */ = {
			isa = PBXFrameworksBuildPhase;
			buildActionMask = 2147483647;
			files = (
			);
			runOnlyForDeploymentPostprocessing = 0;
		};
/* End PBXFrameworksBuildPhase section */

/* Begin PBXGroup section */
		304D6077D5310F89A581502B /* Pods */ = {
			isa = PBXGroup;
			children = (
				8D8C6F8FF88EF137C3AF9FFE /* Pods-FinalProject.debug.xcconfig */,
				E98FA1A5ED558B161480A8E2 /* Pods-FinalProject.release.xcconfig */,
			);
			name = Pods;
			sourceTree = "<group>";
		};
		8440F9C220BC6A5400040124 /* models */ = {
			isa = PBXGroup;
			children = (
				846C5B5920C01BBA00571932 /* LoginModel.swift */,
			);
			path = models;
			sourceTree = "<group>";
		};
		8440F9C320BC6A5400040124 /* viewcontrollers */ = {
			isa = PBXGroup;
			children = (
				8440F9C620BC6A5400040124 /* LoginViewController.swift */,
				849CA25420BD82CE0047E6CF /* SignupView.swift */,
			);
			path = viewcontrollers;
			sourceTree = "<group>";
		};
		8440F9C420BC6A5400040124 /* presenters */ = {
			isa = PBXGroup;
			children = (
				846C5B5720C019B200571932 /* LoginPresenter.swift */,
			);
			path = presenters;
			sourceTree = "<group>";
		};
		8440F9C520BC6A5400040124 /* utilities */ = {
			isa = PBXGroup;
			children = (
				8458FA4F20BDED0300E791C4 /* ErrorType.swift */,
				8458FA4D20BDBC0300E791C4 /* NetworkDAL.swift */,
			);
			path = utilities;
			sourceTree = "<group>";
		};
		84BC1F0920BC7A9E00AD2616 /* views */ = {
			isa = PBXGroup;
			children = (
				849CA24F20BD7BC90047E6CF /* Errors */,
				849CA24E20BD7BC90047E6CF /* UIViewControllerExtention */,
				849CA25020BD7BC90047E6CF /* Utilities */,
				849CA24C20BD7BA40047E6CF /* Protocols */,
				8440F9C520BC6A5400040124 /* utilities */,
				8440F9C420BC6A5400040124 /* presenters */,
				8440F9C320BC6A5400040124 /* viewcontrollers */,
				8440F9C220BC6A5400040124 /* models */,
			);
			path = views;
			sourceTree = "<group>";
		};
		84C48FA720B89EC500488744 = {
			isa = PBXGroup;
			children = (
				84C48FB220B89EC600488744 /* FinalProject */,
				84C48FC720B89EC700488744 /* FinalProjectTests */,
				84C48FD220B89EC700488744 /* FinalProjectUITests */,
				84C48FB120B89EC600488744 /* Products */,
				304D6077D5310F89A581502B /* Pods */,
				D420298B3E385C9FB1A8A571 /* Frameworks */,
			);
			sourceTree = "<group>";
		};
		84C48FB120B89EC600488744 /* Products */ = {
			isa = PBXGroup;
			children = (
				84C48FB020B89EC600488744 /* FinalProject.app */,
				84C48FC420B89EC700488744 /* FinalProjectTests.xctest */,
				84C48FCF20B89EC700488744 /* FinalProjectUITests.xctest */,
			);
			name = Products;
			sourceTree = "<group>";
		};
		84C48FB220B89EC600488744 /* FinalProject */ = {
			isa = PBXGroup;
			children = (
				84BC1F0920BC7A9E00AD2616 /* views */,
				84C48FB320B89EC600488744 /* AppDelegate.swift */,
				849CA25620BDA67F0047E6CF /* StringExtension.swift */,
				84C48FB520B89EC600488744 /* ViewController.swift */,
				84C48FB720B89EC600488744 /* Main.storyboard */,
				841E933A20BAC4AA0043C9DA /* Elshiekh.storyboard */,
				84C48FBA20B89EC700488744 /* Assets.xcassets */,
				84C48FBC20B89EC700488744 /* LaunchScreen.storyboard */,
				84C48FBF20B89EC700488744 /* Info.plist */,
				8440F9BC20BC6A5400040124 /* Usama.storyboard */,
			);
			path = FinalProject;
			sourceTree = "<group>";
		};
		84C48FC720B89EC700488744 /* FinalProjectTests */ = {
			isa = PBXGroup;
			children = (
				84C48FC820B89EC700488744 /* FinalProjectTests.swift */,
				84C48FCA20B89EC700488744 /* Info.plist */,
			);
			path = FinalProjectTests;
			sourceTree = "<group>";
		};
		84C48FD220B89EC700488744 /* FinalProjectUITests */ = {
			isa = PBXGroup;
			children = (
				84C48FD320B89EC700488744 /* FinalProjectUITests.swift */,
				84C48FD520B89EC700488744 /* Info.plist */,
			);
			path = FinalProjectUITests;
			sourceTree = "<group>";
		};
		D420298B3E385C9FB1A8A571 /* Frameworks */ = {
			isa = PBXGroup;
			children = (
				D0DF3FD8671460EE8E23F64B /* Pods_FinalProject.framework */,
			);
			name = Frameworks;
			sourceTree = "<group>";
		};
/* End PBXGroup section */

/* Begin PBXNativeTarget section */
		84C48FAF20B89EC600488744 /* FinalProject */ = {
			isa = PBXNativeTarget;
			buildConfigurationList = 84C48FD820B89EC700488744 /* Build configuration list for PBXNativeTarget "FinalProject" */;
			buildPhases = (
				95522E3EFED9F2E9701E19EC /* [CP] Check Pods Manifest.lock */,
				84C48FAC20B89EC600488744 /* Sources */,
				84C48FAD20B89EC600488744 /* Frameworks */,
				84C48FAE20B89EC600488744 /* Resources */,
				9FC567F3B55371259E4DCA85 /* [CP] Embed Pods Frameworks */,
				53633D1C998A130260E69D03 /* [CP] Copy Pods Resources */,
			);
			buildRules = (
			);
			dependencies = (
			);
			name = FinalProject;
			productName = FinalProject;
			productReference = 84C48FB020B89EC600488744 /* FinalProject.app */;
			productType = "com.apple.product-type.application";
		};
		84C48FC320B89EC700488744 /* FinalProjectTests */ = {
			isa = PBXNativeTarget;
			buildConfigurationList = 84C48FDB20B89EC700488744 /* Build configuration list for PBXNativeTarget "FinalProjectTests" */;
			buildPhases = (
				84C48FC020B89EC700488744 /* Sources */,
				84C48FC120B89EC700488744 /* Frameworks */,
				84C48FC220B89EC700488744 /* Resources */,
			);
			buildRules = (
			);
			dependencies = (
				84C48FC620B89EC700488744 /* PBXTargetDependency */,
			);
			name = FinalProjectTests;
			productName = FinalProjectTests;
			productReference = 84C48FC420B89EC700488744 /* FinalProjectTests.xctest */;
			productType = "com.apple.product-type.bundle.unit-test";
		};
		84C48FCE20B89EC700488744 /* FinalProjectUITests */ = {
			isa = PBXNativeTarget;
			buildConfigurationList = 84C48FDE20B89EC700488744 /* Build configuration list for PBXNativeTarget "FinalProjectUITests" */;
			buildPhases = (
				84C48FCB20B89EC700488744 /* Sources */,
				84C48FCC20B89EC700488744 /* Frameworks */,
				84C48FCD20B89EC700488744 /* Resources */,
			);
			buildRules = (
			);
			dependencies = (
				84C48FD120B89EC700488744 /* PBXTargetDependency */,
			);
			name = FinalProjectUITests;
			productName = FinalProjectUITests;
			productReference = 84C48FCF20B89EC700488744 /* FinalProjectUITests.xctest */;
			productType = "com.apple.product-type.bundle.ui-testing";
		};
/* End PBXNativeTarget section */

/* Begin PBXProject section */
		84C48FA820B89EC500488744 /* Project object */ = {
			isa = PBXProject;
			attributes = {
				LastSwiftUpdateCheck = 0930;
				LastUpgradeCheck = 0930;
				ORGANIZATIONNAME = ITI;
				TargetAttributes = {
					84C48FAF20B89EC600488744 = {
						CreatedOnToolsVersion = 9.3;
						ProvisioningStyle = Automatic;
					};
					84C48FC320B89EC700488744 = {
						CreatedOnToolsVersion = 9.3;
						ProvisioningStyle = Automatic;
						TestTargetID = 84C48FAF20B89EC600488744;
					};
					84C48FCE20B89EC700488744 = {
						CreatedOnToolsVersion = 9.3;
						ProvisioningStyle = Automatic;
						TestTargetID = 84C48FAF20B89EC600488744;
					};
				};
			};
			buildConfigurationList = 84C48FAB20B89EC500488744 /* Build configuration list for PBXProject "FinalProject" */;
			compatibilityVersion = "Xcode 8.0";
			developmentRegion = en;
			hasScannedForEncodings = 0;
			knownRegions = (
				en,
				Base,
			);
			mainGroup = 84C48FA720B89EC500488744;
			productRefGroup = 84C48FB120B89EC600488744 /* Products */;
			projectDirPath = "";
			projectRoot = "";
			targets = (
				84C48FAF20B89EC600488744 /* FinalProject */,
				84C48FC320B89EC700488744 /* FinalProjectTests */,
				84C48FCE20B89EC700488744 /* FinalProjectUITests */,
			);
		};
/* End PBXProject section */

/* Begin PBXResourcesBuildPhase section */
		84C48FAE20B89EC600488744 /* Resources */ = {
			isa = PBXResourcesBuildPhase;
			buildActionMask = 2147483647;
			files = (
				849CA24D20BD7BA40047E6CF /* Protocols in Resources */,
				849CA25120BD7BC90047E6CF /* UIViewControllerExtention in Resources */,
				8440F9BD20BC6A5400040124 /* Usama.storyboard in Resources */,
				849CA25220BD7BC90047E6CF /* Errors in Resources */,
				849CA25320BD7BC90047E6CF /* Utilities in Resources */,
				84C48FBE20B89EC700488744 /* LaunchScreen.storyboard in Resources */,
				84C48FBB20B89EC700488744 /* Assets.xcassets in Resources */,
				841E933B20BAC4AA0043C9DA /* Elshiekh.storyboard in Resources */,
				84C48FB920B89EC600488744 /* Main.storyboard in Resources */,
			);
			runOnlyForDeploymentPostprocessing = 0;
		};
		84C48FC220B89EC700488744 /* Resources */ = {
			isa = PBXResourcesBuildPhase;
			buildActionMask = 2147483647;
			files = (
			);
			runOnlyForDeploymentPostprocessing = 0;
		};
		84C48FCD20B89EC700488744 /* Resources */ = {
			isa = PBXResourcesBuildPhase;
			buildActionMask = 2147483647;
			files = (
			);
			runOnlyForDeploymentPostprocessing = 0;
		};
/* End PBXResourcesBuildPhase section */

/* Begin PBXShellScriptBuildPhase section */
		53633D1C998A130260E69D03 /* [CP] Copy Pods Resources */ = {
			isa = PBXShellScriptBuildPhase;
			buildActionMask = 2147483647;
			files = (
			);
			inputPaths = (
				"${SRCROOT}/Pods/Target Support Files/Pods-FinalProject/Pods-FinalProject-resources.sh",
				"${PODS_ROOT}/GoogleMaps/Maps/Frameworks/GoogleMaps.framework/Resources/GoogleMaps.bundle",
				"${PODS_ROOT}/GooglePlacePicker/Frameworks/GooglePlacePicker.framework/Resources/GooglePlacePicker.bundle",
				"${PODS_ROOT}/GooglePlaces/Frameworks/GooglePlaces.framework/Resources/GooglePlaces.bundle",
			);
			name = "[CP] Copy Pods Resources";
			outputPaths = (
				"${TARGET_BUILD_DIR}/${UNLOCALIZED_RESOURCES_FOLDER_PATH}/GoogleMaps.bundle",
				"${TARGET_BUILD_DIR}/${UNLOCALIZED_RESOURCES_FOLDER_PATH}/GooglePlacePicker.bundle",
				"${TARGET_BUILD_DIR}/${UNLOCALIZED_RESOURCES_FOLDER_PATH}/GooglePlaces.bundle",
			);
			runOnlyForDeploymentPostprocessing = 0;
			shellPath = /bin/sh;
			shellScript = "\"${SRCROOT}/Pods/Target Support Files/Pods-FinalProject/Pods-FinalProject-resources.sh\"\n";
			showEnvVarsInLog = 0;
		};
		95522E3EFED9F2E9701E19EC /* [CP] Check Pods Manifest.lock */ = {
			isa = PBXShellScriptBuildPhase;
			buildActionMask = 2147483647;
			files = (
			);
			inputPaths = (
				"${PODS_PODFILE_DIR_PATH}/Podfile.lock",
				"${PODS_ROOT}/Manifest.lock",
			);
			name = "[CP] Check Pods Manifest.lock";
			outputPaths = (
				"$(DERIVED_FILE_DIR)/Pods-FinalProject-checkManifestLockResult.txt",
			);
			runOnlyForDeploymentPostprocessing = 0;
			shellPath = /bin/sh;
			shellScript = "diff \"${PODS_PODFILE_DIR_PATH}/Podfile.lock\" \"${PODS_ROOT}/Manifest.lock\" > /dev/null\nif [ $? != 0 ] ; then\n    # print error to STDERR\n    echo \"error: The sandbox is not in sync with the Podfile.lock. Run 'pod install' or update your CocoaPods installation.\" >&2\n    exit 1\nfi\n# This output is used by Xcode 'outputs' to avoid re-running this script phase.\necho \"SUCCESS\" > \"${SCRIPT_OUTPUT_FILE_0}\"\n";
			showEnvVarsInLog = 0;
		};
		9FC567F3B55371259E4DCA85 /* [CP] Embed Pods Frameworks */ = {
			isa = PBXShellScriptBuildPhase;
			buildActionMask = 2147483647;
			files = (
			);
			inputPaths = (
				"${SRCROOT}/Pods/Target Support Files/Pods-FinalProject/Pods-FinalProject-frameworks.sh",
				"${BUILT_PRODUCTS_DIR}/Alamofire/Alamofire.framework",
				"${BUILT_PRODUCTS_DIR}/GooglePlacesSearchController/GooglePlacesSearchController.framework",
				"${BUILT_PRODUCTS_DIR}/SDWebImage/SDWebImage.framework",
				"${BUILT_PRODUCTS_DIR}/SwiftyJSON/SwiftyJSON.framework",
				"${BUILT_PRODUCTS_DIR}/TextFieldEffects/TextFieldEffects.framework",
			);
			name = "[CP] Embed Pods Frameworks";
			outputPaths = (
				"${TARGET_BUILD_DIR}/${FRAMEWORKS_FOLDER_PATH}/Alamofire.framework",
				"${TARGET_BUILD_DIR}/${FRAMEWORKS_FOLDER_PATH}/GooglePlacesSearchController.framework",
				"${TARGET_BUILD_DIR}/${FRAMEWORKS_FOLDER_PATH}/SDWebImage.framework",
				"${TARGET_BUILD_DIR}/${FRAMEWORKS_FOLDER_PATH}/SwiftyJSON.framework",
				"${TARGET_BUILD_DIR}/${FRAMEWORKS_FOLDER_PATH}/TextFieldEffects.framework",
			);
			runOnlyForDeploymentPostprocessing = 0;
			shellPath = /bin/sh;
			shellScript = "\"${SRCROOT}/Pods/Target Support Files/Pods-FinalProject/Pods-FinalProject-frameworks.sh\"\n";
			showEnvVarsInLog = 0;
		};
/* End PBXShellScriptBuildPhase section */

/* Begin PBXSourcesBuildPhase section */
		84C48FAC20B89EC600488744 /* Sources */ = {
			isa = PBXSourcesBuildPhase;
			buildActionMask = 2147483647;
			files = (
				846C5B5820C019B200571932 /* LoginPresenter.swift in Sources */,
				8458FA4E20BDBC0300E791C4 /* NetworkDAL.swift in Sources */,
				8458FA5020BDED0300E791C4 /* ErrorType.swift in Sources */,
				849CA25520BD82CE0047E6CF /* SignupView.swift in Sources */,
				846C5B5A20C01BBA00571932 /* LoginModel.swift in Sources */,
				8440F9C720BC6A5400040124 /* LoginViewController.swift in Sources */,
				849CA25720BDA67F0047E6CF /* StringExtension.swift in Sources */,
				84C48FB620B89EC600488744 /* ViewController.swift in Sources */,
				84C48FB420B89EC600488744 /* AppDelegate.swift in Sources */,
			);
			runOnlyForDeploymentPostprocessing = 0;
		};
		84C48FC020B89EC700488744 /* Sources */ = {
			isa = PBXSourcesBuildPhase;
			buildActionMask = 2147483647;
			files = (
				84C48FC920B89EC700488744 /* FinalProjectTests.swift in Sources */,
			);
			runOnlyForDeploymentPostprocessing = 0;
		};
		84C48FCB20B89EC700488744 /* Sources */ = {
			isa = PBXSourcesBuildPhase;
			buildActionMask = 2147483647;
			files = (
				84C48FD420B89EC700488744 /* FinalProjectUITests.swift in Sources */,
			);
			runOnlyForDeploymentPostprocessing = 0;
		};
/* End PBXSourcesBuildPhase section */

/* Begin PBXTargetDependency section */
		84C48FC620B89EC700488744 /* PBXTargetDependency */ = {
			isa = PBXTargetDependency;
			target = 84C48FAF20B89EC600488744 /* FinalProject */;
			targetProxy = 84C48FC520B89EC700488744 /* PBXContainerItemProxy */;
		};
		84C48FD120B89EC700488744 /* PBXTargetDependency */ = {
			isa = PBXTargetDependency;
			target = 84C48FAF20B89EC600488744 /* FinalProject */;
			targetProxy = 84C48FD020B89EC700488744 /* PBXContainerItemProxy */;
		};
/* End PBXTargetDependency section */

/* Begin PBXVariantGroup section */
		84C48FB720B89EC600488744 /* Main.storyboard */ = {
			isa = PBXVariantGroup;
			children = (
				84C48FB820B89EC600488744 /* Base */,
			);
			name = Main.storyboard;
			sourceTree = "<group>";
		};
		84C48FBC20B89EC700488744 /* LaunchScreen.storyboard */ = {
			isa = PBXVariantGroup;
			children = (
				84C48FBD20B89EC700488744 /* Base */,
			);
			name = LaunchScreen.storyboard;
			sourceTree = "<group>";
		};
/* End PBXVariantGroup section */

/* Begin XCBuildConfiguration section */
		84C48FD620B89EC700488744 /* Debug */ = {
			isa = XCBuildConfiguration;
			buildSettings = {
				ALWAYS_SEARCH_USER_PATHS = NO;
				CLANG_ANALYZER_NONNULL = YES;
				CLANG_ANALYZER_NUMBER_OBJECT_CONVERSION = YES_AGGRESSIVE;
				CLANG_CXX_LANGUAGE_STANDARD = "gnu++14";
				CLANG_CXX_LIBRARY = "libc++";
				CLANG_ENABLE_MODULES = YES;
				CLANG_ENABLE_OBJC_ARC = YES;
				CLANG_ENABLE_OBJC_WEAK = YES;
				CLANG_WARN_BLOCK_CAPTURE_AUTORELEASING = YES;
				CLANG_WARN_BOOL_CONVERSION = YES;
				CLANG_WARN_COMMA = YES;
				CLANG_WARN_CONSTANT_CONVERSION = YES;
				CLANG_WARN_DEPRECATED_OBJC_IMPLEMENTATIONS = YES;
				CLANG_WARN_DIRECT_OBJC_ISA_USAGE = YES_ERROR;
				CLANG_WARN_DOCUMENTATION_COMMENTS = YES;
				CLANG_WARN_EMPTY_BODY = YES;
				CLANG_WARN_ENUM_CONVERSION = YES;
				CLANG_WARN_INFINITE_RECURSION = YES;
				CLANG_WARN_INT_CONVERSION = YES;
				CLANG_WARN_NON_LITERAL_NULL_CONVERSION = YES;
				CLANG_WARN_OBJC_IMPLICIT_RETAIN_SELF = YES;
				CLANG_WARN_OBJC_LITERAL_CONVERSION = YES;
				CLANG_WARN_OBJC_ROOT_CLASS = YES_ERROR;
				CLANG_WARN_RANGE_LOOP_ANALYSIS = YES;
				CLANG_WARN_STRICT_PROTOTYPES = YES;
				CLANG_WARN_SUSPICIOUS_MOVE = YES;
				CLANG_WARN_UNGUARDED_AVAILABILITY = YES_AGGRESSIVE;
				CLANG_WARN_UNREACHABLE_CODE = YES;
				CLANG_WARN__DUPLICATE_METHOD_MATCH = YES;
				CODE_SIGN_IDENTITY = "iPhone Developer";
				COPY_PHASE_STRIP = NO;
				DEBUG_INFORMATION_FORMAT = dwarf;
				ENABLE_STRICT_OBJC_MSGSEND = YES;
				ENABLE_TESTABILITY = YES;
				GCC_C_LANGUAGE_STANDARD = gnu11;
				GCC_DYNAMIC_NO_PIC = NO;
				GCC_NO_COMMON_BLOCKS = YES;
				GCC_OPTIMIZATION_LEVEL = 0;
				GCC_PREPROCESSOR_DEFINITIONS = (
					"DEBUG=1",
					"$(inherited)",
				);
				GCC_WARN_64_TO_32_BIT_CONVERSION = YES;
				GCC_WARN_ABOUT_RETURN_TYPE = YES_ERROR;
				GCC_WARN_UNDECLARED_SELECTOR = YES;
				GCC_WARN_UNINITIALIZED_AUTOS = YES_AGGRESSIVE;
				GCC_WARN_UNUSED_FUNCTION = YES;
				GCC_WARN_UNUSED_VARIABLE = YES;
				IPHONEOS_DEPLOYMENT_TARGET = 11.3;
				MTL_ENABLE_DEBUG_INFO = YES;
				ONLY_ACTIVE_ARCH = YES;
				SDKROOT = iphoneos;
				SWIFT_ACTIVE_COMPILATION_CONDITIONS = DEBUG;
				SWIFT_OPTIMIZATION_LEVEL = "-Onone";
			};
			name = Debug;
		};
		84C48FD720B89EC700488744 /* Release */ = {
			isa = XCBuildConfiguration;
			buildSettings = {
				ALWAYS_SEARCH_USER_PATHS = NO;
				CLANG_ANALYZER_NONNULL = YES;
				CLANG_ANALYZER_NUMBER_OBJECT_CONVERSION = YES_AGGRESSIVE;
				CLANG_CXX_LANGUAGE_STANDARD = "gnu++14";
				CLANG_CXX_LIBRARY = "libc++";
				CLANG_ENABLE_MODULES = YES;
				CLANG_ENABLE_OBJC_ARC = YES;
				CLANG_ENABLE_OBJC_WEAK = YES;
				CLANG_WARN_BLOCK_CAPTURE_AUTORELEASING = YES;
				CLANG_WARN_BOOL_CONVERSION = YES;
				CLANG_WARN_COMMA = YES;
				CLANG_WARN_CONSTANT_CONVERSION = YES;
				CLANG_WARN_DEPRECATED_OBJC_IMPLEMENTATIONS = YES;
				CLANG_WARN_DIRECT_OBJC_ISA_USAGE = YES_ERROR;
				CLANG_WARN_DOCUMENTATION_COMMENTS = YES;
				CLANG_WARN_EMPTY_BODY = YES;
				CLANG_WARN_ENUM_CONVERSION = YES;
				CLANG_WARN_INFINITE_RECURSION = YES;
				CLANG_WARN_INT_CONVERSION = YES;
				CLANG_WARN_NON_LITERAL_NULL_CONVERSION = YES;
				CLANG_WARN_OBJC_IMPLICIT_RETAIN_SELF = YES;
				CLANG_WARN_OBJC_LITERAL_CONVERSION = YES;
				CLANG_WARN_OBJC_ROOT_CLASS = YES_ERROR;
				CLANG_WARN_RANGE_LOOP_ANALYSIS = YES;
				CLANG_WARN_STRICT_PROTOTYPES = YES;
				CLANG_WARN_SUSPICIOUS_MOVE = YES;
				CLANG_WARN_UNGUARDED_AVAILABILITY = YES_AGGRESSIVE;
				CLANG_WARN_UNREACHABLE_CODE = YES;
				CLANG_WARN__DUPLICATE_METHOD_MATCH = YES;
				CODE_SIGN_IDENTITY = "iPhone Developer";
				COPY_PHASE_STRIP = NO;
				DEBUG_INFORMATION_FORMAT = "dwarf-with-dsym";
				ENABLE_NS_ASSERTIONS = NO;
				ENABLE_STRICT_OBJC_MSGSEND = YES;
				GCC_C_LANGUAGE_STANDARD = gnu11;
				GCC_NO_COMMON_BLOCKS = YES;
				GCC_WARN_64_TO_32_BIT_CONVERSION = YES;
				GCC_WARN_ABOUT_RETURN_TYPE = YES_ERROR;
				GCC_WARN_UNDECLARED_SELECTOR = YES;
				GCC_WARN_UNINITIALIZED_AUTOS = YES_AGGRESSIVE;
				GCC_WARN_UNUSED_FUNCTION = YES;
				GCC_WARN_UNUSED_VARIABLE = YES;
				IPHONEOS_DEPLOYMENT_TARGET = 11.3;
				MTL_ENABLE_DEBUG_INFO = NO;
				SDKROOT = iphoneos;
				SWIFT_OPTIMIZATION_LEVEL = "-Owholemodule";
				VALIDATE_PRODUCT = YES;
			};
			name = Release;
		};
		84C48FD920B89EC700488744 /* Debug */ = {
			isa = XCBuildConfiguration;
			baseConfigurationReference = 8D8C6F8FF88EF137C3AF9FFE /* Pods-FinalProject.debug.xcconfig */;
			buildSettings = {
				ASSETCATALOG_COMPILER_APPICON_NAME = AppIcon;
				CODE_SIGN_STYLE = Automatic;
				INFOPLIST_FILE = FinalProject/Info.plist;
				LD_RUNPATH_SEARCH_PATHS = "$(inherited) @executable_path/Frameworks";
				PRODUCT_BUNDLE_IDENTIFIER = ITI.FinalProject;
				PRODUCT_NAME = "$(TARGET_NAME)";
				SWIFT_VERSION = 4.0;
				TARGETED_DEVICE_FAMILY = "1,2";
			};
			name = Debug;
		};
		84C48FDA20B89EC700488744 /* Release */ = {
			isa = XCBuildConfiguration;
			baseConfigurationReference = E98FA1A5ED558B161480A8E2 /* Pods-FinalProject.release.xcconfig */;
			buildSettings = {
				ASSETCATALOG_COMPILER_APPICON_NAME = AppIcon;
				CODE_SIGN_STYLE = Automatic;
				INFOPLIST_FILE = FinalProject/Info.plist;
				LD_RUNPATH_SEARCH_PATHS = "$(inherited) @executable_path/Frameworks";
				PRODUCT_BUNDLE_IDENTIFIER = ITI.FinalProject;
				PRODUCT_NAME = "$(TARGET_NAME)";
				SWIFT_VERSION = 4.0;
				TARGETED_DEVICE_FAMILY = "1,2";
			};
			name = Release;
		};
		84C48FDC20B89EC700488744 /* Debug */ = {
			isa = XCBuildConfiguration;
			buildSettings = {
				ALWAYS_EMBED_SWIFT_STANDARD_LIBRARIES = YES;
				BUNDLE_LOADER = "$(TEST_HOST)";
				CODE_SIGN_STYLE = Automatic;
				INFOPLIST_FILE = FinalProjectTests/Info.plist;
				LD_RUNPATH_SEARCH_PATHS = "$(inherited) @executable_path/Frameworks @loader_path/Frameworks";
				PRODUCT_BUNDLE_IDENTIFIER = ITI.FinalProjectTests;
				PRODUCT_NAME = "$(TARGET_NAME)";
				SWIFT_VERSION = 4.0;
				TARGETED_DEVICE_FAMILY = "1,2";
				TEST_HOST = "$(BUILT_PRODUCTS_DIR)/FinalProject.app/FinalProject";
			};
			name = Debug;
		};
		84C48FDD20B89EC700488744 /* Release */ = {
			isa = XCBuildConfiguration;
			buildSettings = {
				ALWAYS_EMBED_SWIFT_STANDARD_LIBRARIES = YES;
				BUNDLE_LOADER = "$(TEST_HOST)";
				CODE_SIGN_STYLE = Automatic;
				INFOPLIST_FILE = FinalProjectTests/Info.plist;
				LD_RUNPATH_SEARCH_PATHS = "$(inherited) @executable_path/Frameworks @loader_path/Frameworks";
				PRODUCT_BUNDLE_IDENTIFIER = ITI.FinalProjectTests;
				PRODUCT_NAME = "$(TARGET_NAME)";
				SWIFT_VERSION = 4.0;
				TARGETED_DEVICE_FAMILY = "1,2";
				TEST_HOST = "$(BUILT_PRODUCTS_DIR)/FinalProject.app/FinalProject";
			};
			name = Release;
		};
		84C48FDF20B89EC700488744 /* Debug */ = {
			isa = XCBuildConfiguration;
			buildSettings = {
				ALWAYS_EMBED_SWIFT_STANDARD_LIBRARIES = YES;
				CODE_SIGN_STYLE = Automatic;
				INFOPLIST_FILE = FinalProjectUITests/Info.plist;
				LD_RUNPATH_SEARCH_PATHS = "$(inherited) @executable_path/Frameworks @loader_path/Frameworks";
				PRODUCT_BUNDLE_IDENTIFIER = ITI.FinalProjectUITests;
				PRODUCT_NAME = "$(TARGET_NAME)";
				SWIFT_VERSION = 4.0;
				TARGETED_DEVICE_FAMILY = "1,2";
				TEST_TARGET_NAME = FinalProject;
			};
			name = Debug;
		};
		84C48FE020B89EC700488744 /* Release */ = {
			isa = XCBuildConfiguration;
			buildSettings = {
				ALWAYS_EMBED_SWIFT_STANDARD_LIBRARIES = YES;
				CODE_SIGN_STYLE = Automatic;
				INFOPLIST_FILE = FinalProjectUITests/Info.plist;
				LD_RUNPATH_SEARCH_PATHS = "$(inherited) @executable_path/Frameworks @loader_path/Frameworks";
				PRODUCT_BUNDLE_IDENTIFIER = ITI.FinalProjectUITests;
				PRODUCT_NAME = "$(TARGET_NAME)";
				SWIFT_VERSION = 4.0;
				TARGETED_DEVICE_FAMILY = "1,2";
				TEST_TARGET_NAME = FinalProject;
			};
			name = Release;
		};
/* End XCBuildConfiguration section */

/* Begin XCConfigurationList section */
		84C48FAB20B89EC500488744 /* Build configuration list for PBXProject "FinalProject" */ = {
			isa = XCConfigurationList;
			buildConfigurations = (
				84C48FD620B89EC700488744 /* Debug */,
				84C48FD720B89EC700488744 /* Release */,
			);
			defaultConfigurationIsVisible = 0;
			defaultConfigurationName = Release;
		};
		84C48FD820B89EC700488744 /* Build configuration list for PBXNativeTarget "FinalProject" */ = {
			isa = XCConfigurationList;
			buildConfigurations = (
				84C48FD920B89EC700488744 /* Debug */,
				84C48FDA20B89EC700488744 /* Release */,
			);
			defaultConfigurationIsVisible = 0;
			defaultConfigurationName = Release;
		};
		84C48FDB20B89EC700488744 /* Build configuration list for PBXNativeTarget "FinalProjectTests" */ = {
			isa = XCConfigurationList;
			buildConfigurations = (
				84C48FDC20B89EC700488744 /* Debug */,
				84C48FDD20B89EC700488744 /* Release */,
			);
			defaultConfigurationIsVisible = 0;
			defaultConfigurationName = Release;
		};
		84C48FDE20B89EC700488744 /* Build configuration list for PBXNativeTarget "FinalProjectUITests" */ = {
			isa = XCConfigurationList;
			buildConfigurations = (
				84C48FDF20B89EC700488744 /* Debug */,
				84C48FE020B89EC700488744 /* Release */,
			);
			defaultConfigurationIsVisible = 0;
			defaultConfigurationName = Release;
		};
/* End XCConfigurationList section */
	};
	rootObject = 84C48FA820B89EC500488744 /* Project object */;
}
